
Microsoft Visual Studio Solution File, Format Version 12.00
# Visual Studio 14
VisualStudioVersion = 14.0.25123.0
MinimumVisualStudioVersion = 10.0.40219.1
Project("{FAE04EC0-301F-11D3-BF4B-00C04F79EFBC}") = "Kuheylan2", "Kuheylan2\Kuheylan2.csproj", "{8bf78198-5c63-4ea4-9330-e866112fb0de}"
EndProject
Global
	GlobalSection(SolutionConfigurationPlatforms) = preSolution
		Debug|Any CPU = Debug|Any CPU
		Release|Any CPU = Release|Any CPU
	EndGlobalSection
	GlobalSection(ProjectConfigurationPlatforms) = postSolution
		{8BF78198-5C63-4EA4-9330-E866112FB0DE}.Debug|Any CPU.ActiveCfg = Debug|Any CPU
		{8BF78198-5C63-4EA4-9330-E866112FB0DE}.Debug|Any CPU.Build.0 = Debug|Any CPU
		{8BF78198-5C63-4EA4-9330-E866112FB0DE}.Release|Any CPU.ActiveCfg = Release|Any CPU
		{8BF78198-5C63-4EA4-9330-E866112FB0DE}.Release|Any CPU.Build.0 = Release|Any CPU
	EndGlobalSection
	GlobalSection(SolutionProperties) = preSolution
		HideSolutionNode = FALSE
	EndGlobalSection
EndGlobal
